PODS:
  - Alamofire (5.4.3)
  - JGProgressHUD (2.2)
  - Kingfisher (6.3.0)
  - RxCocoa (6.2.0):
    - RxRelay (= 6.2.0)
    - RxSwift (= 6.2.0)
  - RxRelay (6.2.0):
    - RxSwift (= 6.2.0)
  - RxSwift (6.2.0)
  - SwiftMessages (9.0.3):
    - SwiftMessages/App (= 9.0.3)
  - SwiftMessages/App (9.0.3)

DEPENDENCIES:
  - Alamofire
  - JGProgressHUD
  - Kingfisher
  - RxCocoa
  - RxSwift
  - SwiftMessages

SPEC REPOS:
  trunk:
    - Alamofire
    - JGProgressHUD
    - Kingfisher
    - RxCocoa
    - RxRelay
    - RxSwift
    - SwiftMessages

SPEC CHECKSUMS:
  Alamofire: e447a2774a40c996748296fa2c55112fdbbc42f9
  JGProgressHUD: d83d7a981b85d11205e19ff8ad5bb9c40571c847
  Kingfisher: 6c3df386db71d82c0817a429d2c9421a77396529
  RxCocoa: 4baf94bb35f2c0ab31bc0cb9f1900155f646ba42
  RxRelay: e72dbfd157807478401ef1982e1c61c945c94b2f
  RxSwift: d356ab7bee873611322f134c5f9ef379fa183d8f
  SwiftMessages: 077f19126c24033fe24042237ecc20261adb46e4

PODFILE CHECKSUM: 03a3e33554e2b0bad326bc9f824173dce671f577

COCOAPODS: 1.8.4
